// !$*UTF8*$!
{
	archiveVersion = 1;
	classes = {
	};
	objectVersion = 56;
	objects = {

/* Begin PBXBuildFile section */
		290F5BC52A1528920034CC29 /* NewTrackerCollectionViewCell.swift in Sources */ = {isa = PBXBuildFile; fileRef = 290F5BC42A1528920034CC29 /* NewTrackerCollectionViewCell.swift */; };
		290F5BC72A1528A70034CC29 /* NewTrackerSupplementaryView.swift in Sources */ = {isa = PBXBuildFile; fileRef = 290F5BC62A1528A70034CC29 /* NewTrackerSupplementaryView.swift */; };
		292DA04729FE7FA5000D159D /* AppDelegate.swift in Sources */ = {isa = PBXBuildFile; fileRef = 292DA04629FE7FA5000D159D /* AppDelegate.swift */; };
		292DA04929FE7FA5000D159D /* SceneDelegate.swift in Sources */ = {isa = PBXBuildFile; fileRef = 292DA04829FE7FA5000D159D /* SceneDelegate.swift */; };
		292DA04B29FE7FA5000D159D /* TrackersViewController.swift in Sources */ = {isa = PBXBuildFile; fileRef = 292DA04A29FE7FA5000D159D /* TrackersViewController.swift */; };
		292DA05029FE7FA7000D159D /* Assets.xcassets in Resources */ = {isa = PBXBuildFile; fileRef = 292DA04F29FE7FA7000D159D /* Assets.xcassets */; };
		292DA05329FE7FA7000D159D /* LaunchScreen.storyboard in Resources */ = {isa = PBXBuildFile; fileRef = 292DA05129FE7FA7000D159D /* LaunchScreen.storyboard */; };
		2936EFFE2A6817E5006517AA /* CategoryModel.swift in Sources */ = {isa = PBXBuildFile; fileRef = 2936EFFD2A6817E5006517AA /* CategoryModel.swift */; };
		2936F0032A68191D006517AA /* CategoryViewModel.swift in Sources */ = {isa = PBXBuildFile; fileRef = 2936F0022A68191D006517AA /* CategoryViewModel.swift */; };
		2936F0062A68199B006517AA /* Observable.swift in Sources */ = {isa = PBXBuildFile; fileRef = 2936F0052A68199B006517AA /* Observable.swift */; };
		2936F0082A69837B006517AA /* NewCategoryViewController.swift in Sources */ = {isa = PBXBuildFile; fileRef = 2936F0072A69837B006517AA /* NewCategoryViewController.swift */; };
		2941B1482A6D56450093FB37 /* CategoryTableViewCell.swift in Sources */ = {isa = PBXBuildFile; fileRef = 2941B1472A6D56450093FB37 /* CategoryTableViewCell.swift */; };
		2941B14C2A6D651A0093FB37 /* NewCategoryViewModel.swift in Sources */ = {isa = PBXBuildFile; fileRef = 2941B14B2A6D651A0093FB37 /* NewCategoryViewModel.swift */; };
		2953DE152A39C8D80033EA2D /* Tracker.xcdatamodeld in Sources */ = {isa = PBXBuildFile; fileRef = 2953DE132A39C8D70033EA2D /* Tracker.xcdatamodeld */; };
		2953DE172A39D8AB0033EA2D /* UIColorMarshalling.swift in Sources */ = {isa = PBXBuildFile; fileRef = 2953DE162A39D8AB0033EA2D /* UIColorMarshalling.swift */; };
		2953DE192A39DA100033EA2D /* TrackerStore.swift in Sources */ = {isa = PBXBuildFile; fileRef = 2953DE182A39DA100033EA2D /* TrackerStore.swift */; };
		2953DE1B2A39DA210033EA2D /* TrackerCategoryStore.swift in Sources */ = {isa = PBXBuildFile; fileRef = 2953DE1A2A39DA210033EA2D /* TrackerCategoryStore.swift */; };
		2953DE1D2A39DA310033EA2D /* TrackerRecordStore.swift in Sources */ = {isa = PBXBuildFile; fileRef = 2953DE1C2A39DA310033EA2D /* TrackerRecordStore.swift */; };
		295EE1ED29FFBB9D00D12760 /* TabBarController.swift in Sources */ = {isa = PBXBuildFile; fileRef = 295EE1EC29FFBB9D00D12760 /* TabBarController.swift */; };
		295EE1EF29FFBE8900D12760 /* StatisticsViewController.swift in Sources */ = {isa = PBXBuildFile; fileRef = 295EE1EE29FFBE8900D12760 /* StatisticsViewController.swift */; };
		295EE1F12A00104000D12760 /* TrackerCreationViewController.swift in Sources */ = {isa = PBXBuildFile; fileRef = 295EE1F02A00104000D12760 /* TrackerCreationViewController.swift */; };
		295EE1F72A010BB700D12760 /* СategoryViewController.swift in Sources */ = {isa = PBXBuildFile; fileRef = 295EE1F62A010BB700D12760 /* СategoryViewController.swift */; };
		295EE1F92A0171F600D12760 /* ScheduleViewController.swift in Sources */ = {isa = PBXBuildFile; fileRef = 295EE1F82A0171F500D12760 /* ScheduleViewController.swift */; };
		298A30952A03A6C700BAA057 /* NewTrackerViewController.swift in Sources */ = {isa = PBXBuildFile; fileRef = 298A30942A03A6C700BAA057 /* NewTrackerViewController.swift */; };
		298A30972A03B9C600BAA057 /* TrackerCollectionViewCell.swift in Sources */ = {isa = PBXBuildFile; fileRef = 298A30962A03B9C600BAA057 /* TrackerCollectionViewCell.swift */; };
		298A309A2A03E3E000BAA057 /* UILabel+Extension.swift in Sources */ = {isa = PBXBuildFile; fileRef = 298A30992A03E3E000BAA057 /* UILabel+Extension.swift */; };
		298A309C2A043BA100BAA057 /* TrackerSupplementaryView.swift in Sources */ = {isa = PBXBuildFile; fileRef = 298A309B2A043BA100BAA057 /* TrackerSupplementaryView.swift */; };
		298A309F2A054E8E00BAA057 /* TrackerModels.swift in Sources */ = {isa = PBXBuildFile; fileRef = 298A309E2A054E8E00BAA057 /* TrackerModels.swift */; };
		29B938692A0EBA73002E9076 /* Image.swift in Sources */ = {isa = PBXBuildFile; fileRef = 29B938682A0EBA73002E9076 /* Image.swift */; };
		29B9386B2A0EC1E6002E9076 /* Constant.swift in Sources */ = {isa = PBXBuildFile; fileRef = 29B9386A2A0EC1E6002E9076 /* Constant.swift */; };
		29B9386D2A0EC3B5002E9076 /* AppDateFormatter.swift in Sources */ = {isa = PBXBuildFile; fileRef = 29B9386C2A0EC3B5002E9076 /* AppDateFormatter.swift */; };
		29F194E22A0A3D2B00D187F4 /* CustomTextField.swift in Sources */ = {isa = PBXBuildFile; fileRef = 29F194E12A0A3D2B00D187F4 /* CustomTextField.swift */; };
		29F194E42A0A82AF00D187F4 /* Color.swift in Sources */ = {isa = PBXBuildFile; fileRef = 29F194E32A0A82AF00D187F4 /* Color.swift */; };
		29F194E62A0A82DE00D187F4 /* Font.swift in Sources */ = {isa = PBXBuildFile; fileRef = 29F194E52A0A82DE00D187F4 /* Font.swift */; };
		29F194E82A0B891E00D187F4 /* NewTrackerTableViewCell.swift in Sources */ = {isa = PBXBuildFile; fileRef = 29F194E72A0B891E00D187F4 /* NewTrackerTableViewCell.swift */; };
		29FE6F262A607081006761FE /* OnboardingViewController.swift in Sources */ = {isa = PBXBuildFile; fileRef = 29FE6F252A607081006761FE /* OnboardingViewController.swift */; };
/* End PBXBuildFile section */

/* Begin PBXFileReference section */
		290F5BC42A1528920034CC29 /* NewTrackerCollectionViewCell.swift */ = {isa = PBXFileReference; lastKnownFileType = sourcecode.swift; path = NewTrackerCollectionViewCell.swift; sourceTree = "<group>"; };
		290F5BC62A1528A70034CC29 /* NewTrackerSupplementaryView.swift */ = {isa = PBXFileReference; lastKnownFileType = sourcecode.swift; path = NewTrackerSupplementaryView.swift; sourceTree = "<group>"; };
		292DA04329FE7FA5000D159D /* Tracker.app */ = {isa = PBXFileReference; explicitFileType = wrapper.application; includeInIndex = 0; path = Tracker.app; sourceTree = BUILT_PRODUCTS_DIR; };
		292DA04629FE7FA5000D159D /* AppDelegate.swift */ = {isa = PBXFileReference; lastKnownFileType = sourcecode.swift; path = AppDelegate.swift; sourceTree = "<group>"; };
		292DA04829FE7FA5000D159D /* SceneDelegate.swift */ = {isa = PBXFileReference; lastKnownFileType = sourcecode.swift; path = SceneDelegate.swift; sourceTree = "<group>"; };
		292DA04A29FE7FA5000D159D /* TrackersViewController.swift */ = {isa = PBXFileReference; lastKnownFileType = sourcecode.swift; path = TrackersViewController.swift; sourceTree = "<group>"; };
		292DA04F29FE7FA7000D159D /* Assets.xcassets */ = {isa = PBXFileReference; lastKnownFileType = folder.assetcatalog; path = Assets.xcassets; sourceTree = "<group>"; };
		292DA05229FE7FA7000D159D /* Base */ = {isa = PBXFileReference; lastKnownFileType = file.storyboard; name = Base; path = Base.lproj/LaunchScreen.storyboard; sourceTree = "<group>"; };
		292DA05429FE7FA7000D159D /* Info.plist */ = {isa = PBXFileReference; lastKnownFileType = text.plist.xml; path = Info.plist; sourceTree = "<group>"; };
		2936EFFD2A6817E5006517AA /* CategoryModel.swift */ = {isa = PBXFileReference; lastKnownFileType = sourcecode.swift; path = CategoryModel.swift; sourceTree = "<group>"; };
		2936F0022A68191D006517AA /* CategoryViewModel.swift */ = {isa = PBXFileReference; lastKnownFileType = sourcecode.swift; path = CategoryViewModel.swift; sourceTree = "<group>"; };
		2936F0052A68199B006517AA /* Observable.swift */ = {isa = PBXFileReference; lastKnownFileType = sourcecode.swift; path = Observable.swift; sourceTree = "<group>"; };
		2936F0072A69837B006517AA /* NewCategoryViewController.swift */ = {isa = PBXFileReference; lastKnownFileType = sourcecode.swift; path = NewCategoryViewController.swift; sourceTree = "<group>"; };
		2941B1472A6D56450093FB37 /* CategoryTableViewCell.swift */ = {isa = PBXFileReference; lastKnownFileType = sourcecode.swift; path = CategoryTableViewCell.swift; sourceTree = "<group>"; };
		2941B14B2A6D651A0093FB37 /* NewCategoryViewModel.swift */ = {isa = PBXFileReference; lastKnownFileType = sourcecode.swift; path = NewCategoryViewModel.swift; sourceTree = "<group>"; };
		2953DE142A39C8D70033EA2D /* Tracker.xcdatamodel */ = {isa = PBXFileReference; lastKnownFileType = wrapper.xcdatamodel; path = Tracker.xcdatamodel; sourceTree = "<group>"; };
		2953DE162A39D8AB0033EA2D /* UIColorMarshalling.swift */ = {isa = PBXFileReference; lastKnownFileType = sourcecode.swift; path = UIColorMarshalling.swift; sourceTree = "<group>"; };
		2953DE182A39DA100033EA2D /* TrackerStore.swift */ = {isa = PBXFileReference; lastKnownFileType = sourcecode.swift; path = TrackerStore.swift; sourceTree = "<group>"; };
		2953DE1A2A39DA210033EA2D /* TrackerCategoryStore.swift */ = {isa = PBXFileReference; lastKnownFileType = sourcecode.swift; path = TrackerCategoryStore.swift; sourceTree = "<group>"; };
		2953DE1C2A39DA310033EA2D /* TrackerRecordStore.swift */ = {isa = PBXFileReference; lastKnownFileType = sourcecode.swift; path = TrackerRecordStore.swift; sourceTree = "<group>"; };
		295EE1EC29FFBB9D00D12760 /* TabBarController.swift */ = {isa = PBXFileReference; lastKnownFileType = sourcecode.swift; path = TabBarController.swift; sourceTree = "<group>"; };
		295EE1EE29FFBE8900D12760 /* StatisticsViewController.swift */ = {isa = PBXFileReference; lastKnownFileType = sourcecode.swift; path = StatisticsViewController.swift; sourceTree = "<group>"; };
		295EE1F02A00104000D12760 /* TrackerCreationViewController.swift */ = {isa = PBXFileReference; lastKnownFileType = sourcecode.swift; path = TrackerCreationViewController.swift; sourceTree = "<group>"; };
		295EE1F62A010BB700D12760 /* СategoryViewController.swift */ = {isa = PBXFileReference; lastKnownFileType = sourcecode.swift; path = "СategoryViewController.swift"; sourceTree = "<group>"; };
		295EE1F82A0171F500D12760 /* ScheduleViewController.swift */ = {isa = PBXFileReference; lastKnownFileType = sourcecode.swift; path = ScheduleViewController.swift; sourceTree = "<group>"; };
		298A30942A03A6C700BAA057 /* NewTrackerViewController.swift */ = {isa = PBXFileReference; lastKnownFileType = sourcecode.swift; path = NewTrackerViewController.swift; sourceTree = "<group>"; };
		298A30962A03B9C600BAA057 /* TrackerCollectionViewCell.swift */ = {isa = PBXFileReference; lastKnownFileType = sourcecode.swift; path = TrackerCollectionViewCell.swift; sourceTree = "<group>"; };
		298A30992A03E3E000BAA057 /* UILabel+Extension.swift */ = {isa = PBXFileReference; lastKnownFileType = sourcecode.swift; path = "UILabel+Extension.swift"; sourceTree = "<group>"; };
		298A309B2A043BA100BAA057 /* TrackerSupplementaryView.swift */ = {isa = PBXFileReference; lastKnownFileType = sourcecode.swift; path = TrackerSupplementaryView.swift; sourceTree = "<group>"; };
		298A309E2A054E8E00BAA057 /* TrackerModels.swift */ = {isa = PBXFileReference; lastKnownFileType = sourcecode.swift; path = TrackerModels.swift; sourceTree = "<group>"; };
		29B938682A0EBA73002E9076 /* Image.swift */ = {isa = PBXFileReference; lastKnownFileType = sourcecode.swift; path = Image.swift; sourceTree = "<group>"; };
		29B9386A2A0EC1E6002E9076 /* Constant.swift */ = {isa = PBXFileReference; lastKnownFileType = sourcecode.swift; path = Constant.swift; sourceTree = "<group>"; };
		29B9386C2A0EC3B5002E9076 /* AppDateFormatter.swift */ = {isa = PBXFileReference; lastKnownFileType = sourcecode.swift; path = AppDateFormatter.swift; sourceTree = "<group>"; };
		29F194E12A0A3D2B00D187F4 /* CustomTextField.swift */ = {isa = PBXFileReference; lastKnownFileType = sourcecode.swift; path = CustomTextField.swift; sourceTree = "<group>"; };
		29F194E32A0A82AF00D187F4 /* Color.swift */ = {isa = PBXFileReference; lastKnownFileType = sourcecode.swift; path = Color.swift; sourceTree = "<group>"; };
		29F194E52A0A82DE00D187F4 /* Font.swift */ = {isa = PBXFileReference; lastKnownFileType = sourcecode.swift; path = Font.swift; sourceTree = "<group>"; };
		29F194E72A0B891E00D187F4 /* NewTrackerTableViewCell.swift */ = {isa = PBXFileReference; lastKnownFileType = sourcecode.swift; path = NewTrackerTableViewCell.swift; sourceTree = "<group>"; };
		29FE6F252A607081006761FE /* OnboardingViewController.swift */ = {isa = PBXFileReference; lastKnownFileType = sourcecode.swift; path = OnboardingViewController.swift; sourceTree = "<group>"; };
/* End PBXFileReference section */

/* Begin PBXFrameworksBuildPhase section */
		292DA04029FE7FA5000D159D /* Frameworks */ = {
			isa = PBXFrameworksBuildPhase;
			buildActionMask = 2147483647;
			files = (
			);
			runOnlyForDeploymentPostprocessing = 0;
		};
/* End PBXFrameworksBuildPhase section */

/* Begin PBXGroup section */
		292DA03A29FE7FA4000D159D = {
			isa = PBXGroup;
			children = (
				292DA04529FE7FA5000D159D /* Tracker */,
				292DA04429FE7FA5000D159D /* Products */,
			);
			sourceTree = "<group>";
		};
		292DA04429FE7FA5000D159D /* Products */ = {
			isa = PBXGroup;
			children = (
				292DA04329FE7FA5000D159D /* Tracker.app */,
			);
			name = Products;
			sourceTree = "<group>";
		};
		292DA04529FE7FA5000D159D /* Tracker */ = {
			isa = PBXGroup;
			children = (
				292DA04629FE7FA5000D159D /* AppDelegate.swift */,
				292DA04829FE7FA5000D159D /* SceneDelegate.swift */,
				2953DE122A39C8BA0033EA2D /* CoreData */,
				29FE6F242A607068006761FE /* Onboarding */,
				295EE1FA2A02B85000D12760 /* TabBar */,
				295EE1FD2A03A39200D12760 /* TrackerCreation */,
				298A309D2A054E7800BAA057 /* Models */,
				298A30982A03E3BC00BAA057 /* Helpers */,
				292DA04F29FE7FA7000D159D /* Assets.xcassets */,
				292DA05129FE7FA7000D159D /* LaunchScreen.storyboard */,
				292DA05429FE7FA7000D159D /* Info.plist */,
			);
			path = Tracker;
			sourceTree = "<group>";
		};
		2936EFFF2A6818AB006517AA /* Model */ = {
			isa = PBXGroup;
			children = (
				2936EFFD2A6817E5006517AA /* CategoryModel.swift */,
			);
			path = Model;
			sourceTree = "<group>";
		};
		2936F0002A6818BA006517AA /* View */ = {
			isa = PBXGroup;
			children = (
				2941B1462A6D56090093FB37 /* Cell */,
				295EE1F62A010BB700D12760 /* СategoryViewController.swift */,
				2936F0072A69837B006517AA /* NewCategoryViewController.swift */,
			);
			path = View;
			sourceTree = "<group>";
		};
		2936F0012A6818D8006517AA /* ViewModel */ = {
			isa = PBXGroup;
			children = (
				2936F0022A68191D006517AA /* CategoryViewModel.swift */,
				2941B14B2A6D651A0093FB37 /* NewCategoryViewModel.swift */,
			);
			path = ViewModel;
			sourceTree = "<group>";
		};
		2936F0042A681930006517AA /* MVVM */ = {
			isa = PBXGroup;
			children = (
				2936EFFF2A6818AB006517AA /* Model */,
				2936F0002A6818BA006517AA /* View */,
				2936F0012A6818D8006517AA /* ViewModel */,
				2936F0052A68199B006517AA /* Observable.swift */,
			);
			path = MVVM;
			sourceTree = "<group>";
		};
		2941B1462A6D56090093FB37 /* Cell */ = {
			isa = PBXGroup;
			children = (
				2941B1472A6D56450093FB37 /* CategoryTableViewCell.swift */,
			);
			path = Cell;
			sourceTree = "<group>";
		};
		2953DE122A39C8BA0033EA2D /* CoreData */ = {
			isa = PBXGroup;
			children = (
				2953DE132A39C8D70033EA2D /* Tracker.xcdatamodeld */,
				2953DE182A39DA100033EA2D /* TrackerStore.swift */,
				2953DE1A2A39DA210033EA2D /* TrackerCategoryStore.swift */,
				2953DE1C2A39DA310033EA2D /* TrackerRecordStore.swift */,
			);
			path = CoreData;
			sourceTree = "<group>";
		};
		295EE1FA2A02B85000D12760 /* TabBar */ = {
			isa = PBXGroup;
			children = (
				295EE1EC29FFBB9D00D12760 /* TabBarController.swift */,
				295EE1FB2A02B89B00D12760 /* Trackers */,
				295EE1FC2A02B8E900D12760 /* Statistics */,
			);
			path = TabBar;
			sourceTree = "<group>";
		};
		295EE1FB2A02B89B00D12760 /* Trackers */ = {
			isa = PBXGroup;
			children = (
				292DA04A29FE7FA5000D159D /* TrackersViewController.swift */,
				298A30962A03B9C600BAA057 /* TrackerCollectionViewCell.swift */,
				298A309B2A043BA100BAA057 /* TrackerSupplementaryView.swift */,
			);
			path = Trackers;
			sourceTree = "<group>";
		};
		295EE1FC2A02B8E900D12760 /* Statistics */ = {
			isa = PBXGroup;
			children = (
				295EE1EE29FFBE8900D12760 /* StatisticsViewController.swift */,
			);
			path = Statistics;
			sourceTree = "<group>";
		};
		295EE1FD2A03A39200D12760 /* TrackerCreation */ = {
			isa = PBXGroup;
			children = (
				295EE1F02A00104000D12760 /* TrackerCreationViewController.swift */,
				298A30932A03A6B000BAA057 /* NewTracker */,
				295EE2002A03A44900D12760 /* Сategory */,
				295EE2012A03A49500D12760 /* Schedule */,
			);
			path = TrackerCreation;
			sourceTree = "<group>";
		};
		295EE2002A03A44900D12760 /* Сategory */ = {
			isa = PBXGroup;
			children = (
				2936F0042A681930006517AA /* MVVM */,
			);
			path = "Сategory";
			sourceTree = "<group>";
		};
		295EE2012A03A49500D12760 /* Schedule */ = {
			isa = PBXGroup;
			children = (
				295EE1F82A0171F500D12760 /* ScheduleViewController.swift */,
			);
			path = Schedule;
			sourceTree = "<group>";
		};
		298A30932A03A6B000BAA057 /* NewTracker */ = {
			isa = PBXGroup;
			children = (
				298A30942A03A6C700BAA057 /* NewTrackerViewController.swift */,
				29F194E72A0B891E00D187F4 /* NewTrackerTableViewCell.swift */,
				290F5BC42A1528920034CC29 /* NewTrackerCollectionViewCell.swift */,
				290F5BC62A1528A70034CC29 /* NewTrackerSupplementaryView.swift */,
			);
			path = NewTracker;
			sourceTree = "<group>";
		};
		298A30982A03E3BC00BAA057 /* Helpers */ = {
			isa = PBXGroup;
			children = (
				29F194E32A0A82AF00D187F4 /* Color.swift */,
				29F194E52A0A82DE00D187F4 /* Font.swift */,
				29B938682A0EBA73002E9076 /* Image.swift */,
				29B9386A2A0EC1E6002E9076 /* Constant.swift */,
				298A30992A03E3E000BAA057 /* UILabel+Extension.swift */,
				29F194E12A0A3D2B00D187F4 /* CustomTextField.swift */,
				29B9386C2A0EC3B5002E9076 /* AppDateFormatter.swift */,
				2953DE162A39D8AB0033EA2D /* UIColorMarshalling.swift */,
			);
			path = Helpers;
			sourceTree = "<group>";
		};
		298A309D2A054E7800BAA057 /* Models */ = {
			isa = PBXGroup;
			children = (
				298A309E2A054E8E00BAA057 /* TrackerModels.swift */,
			);
			path = Models;
			sourceTree = "<group>";
		};
		29FE6F242A607068006761FE /* Onboarding */ = {
			isa = PBXGroup;
			children = (
				29FE6F252A607081006761FE /* OnboardingViewController.swift */,
			);
			path = Onboarding;
			sourceTree = "<group>";
		};
/* End PBXGroup section */

/* Begin PBXNativeTarget section */
		292DA04229FE7FA5000D159D /* Tracker */ = {
			isa = PBXNativeTarget;
			buildConfigurationList = 292DA05729FE7FA7000D159D /* Build configuration list for PBXNativeTarget "Tracker" */;
			buildPhases = (
				292DA03F29FE7FA5000D159D /* Sources */,
				292DA04029FE7FA5000D159D /* Frameworks */,
				292DA04129FE7FA5000D159D /* Resources */,
			);
			buildRules = (
			);
			dependencies = (
			);
			name = Tracker;
			productName = Tracker;
			productReference = 292DA04329FE7FA5000D159D /* Tracker.app */;
			productType = "com.apple.product-type.application";
		};
/* End PBXNativeTarget section */

/* Begin PBXProject section */
		292DA03B29FE7FA4000D159D /* Project object */ = {
			isa = PBXProject;
			attributes = {
				BuildIndependentTargetsInParallel = 1;
				LastSwiftUpdateCheck = 1410;
				LastUpgradeCheck = 1410;
				TargetAttributes = {
					292DA04229FE7FA5000D159D = {
						CreatedOnToolsVersion = 14.1;
					};
				};
			};
			buildConfigurationList = 292DA03E29FE7FA4000D159D /* Build configuration list for PBXProject "Tracker" */;
			compatibilityVersion = "Xcode 14.0";
			developmentRegion = en;
			hasScannedForEncodings = 0;
			knownRegions = (
				en,
				Base,
			);
			mainGroup = 292DA03A29FE7FA4000D159D;
			productRefGroup = 292DA04429FE7FA5000D159D /* Products */;
			projectDirPath = "";
			projectRoot = "";
			targets = (
				292DA04229FE7FA5000D159D /* Tracker */,
			);
		};
/* End PBXProject section */

/* Begin PBXResourcesBuildPhase section */
		292DA04129FE7FA5000D159D /* Resources */ = {
			isa = PBXResourcesBuildPhase;
			buildActionMask = 2147483647;
			files = (
				292DA05329FE7FA7000D159D /* LaunchScreen.storyboard in Resources */,
				292DA05029FE7FA7000D159D /* Assets.xcassets in Resources */,
			);
			runOnlyForDeploymentPostprocessing = 0;
		};
/* End PBXResourcesBuildPhase section */

/* Begin PBXSourcesBuildPhase section */
		292DA03F29FE7FA5000D159D /* Sources */ = {
			isa = PBXSourcesBuildPhase;
			buildActionMask = 2147483647;
			files = (
				292DA04B29FE7FA5000D159D /* TrackersViewController.swift in Sources */,
				2936F0082A69837B006517AA /* NewCategoryViewController.swift in Sources */,
				295EE1EF29FFBE8900D12760 /* StatisticsViewController.swift in Sources */,
				295EE1ED29FFBB9D00D12760 /* TabBarController.swift in Sources */,
				295EE1F92A0171F600D12760 /* ScheduleViewController.swift in Sources */,
				29F194E82A0B891E00D187F4 /* NewTrackerTableViewCell.swift in Sources */,
				298A30972A03B9C600BAA057 /* TrackerCollectionViewCell.swift in Sources */,
				290F5BC72A1528A70034CC29 /* NewTrackerSupplementaryView.swift in Sources */,
				298A309F2A054E8E00BAA057 /* TrackerModels.swift in Sources */,
				2953DE1B2A39DA210033EA2D /* TrackerCategoryStore.swift in Sources */,
				29F194E62A0A82DE00D187F4 /* Font.swift in Sources */,
				29FE6F262A607081006761FE /* OnboardingViewController.swift in Sources */,
				29B938692A0EBA73002E9076 /* Image.swift in Sources */,
				2953DE172A39D8AB0033EA2D /* UIColorMarshalling.swift in Sources */,
				292DA04729FE7FA5000D159D /* AppDelegate.swift in Sources */,
				298A309C2A043BA100BAA057 /* TrackerSupplementaryView.swift in Sources */,
				29F194E42A0A82AF00D187F4 /* Color.swift in Sources */,
				2941B1482A6D56450093FB37 /* CategoryTableViewCell.swift in Sources */,
				2936EFFE2A6817E5006517AA /* CategoryModel.swift in Sources */,
				2953DE192A39DA100033EA2D /* TrackerStore.swift in Sources */,
				295EE1F12A00104000D12760 /* TrackerCreationViewController.swift in Sources */,
				29B9386B2A0EC1E6002E9076 /* Constant.swift in Sources */,
				298A309A2A03E3E000BAA057 /* UILabel+Extension.swift in Sources */,
				2941B14C2A6D651A0093FB37 /* NewCategoryViewModel.swift in Sources */,
				29B9386D2A0EC3B5002E9076 /* AppDateFormatter.swift in Sources */,
				2936F0032A68191D006517AA /* CategoryViewModel.swift in Sources */,
				292DA04929FE7FA5000D159D /* SceneDelegate.swift in Sources */,
				2953DE152A39C8D80033EA2D /* Tracker.xcdatamodeld in Sources */,
				2953DE1D2A39DA310033EA2D /* TrackerRecordStore.swift in Sources */,
				298A30952A03A6C700BAA057 /* NewTrackerViewController.swift in Sources */,
				2936F0062A68199B006517AA /* Observable.swift in Sources */,
				295EE1F72A010BB700D12760 /* СategoryViewController.swift in Sources */,
				29F194E22A0A3D2B00D187F4 /* CustomTextField.swift in Sources */,
				290F5BC52A1528920034CC29 /* NewTrackerCollectionViewCell.swift in Sources */,
			);
			runOnlyForDeploymentPostprocessing = 0;
		};
/* End PBXSourcesBuildPhase section */

/* Begin PBXVariantGroup section */
		292DA05129FE7FA7000D159D /* LaunchScreen.storyboard */ = {
			isa = PBXVariantGroup;
			children = (
				292DA05229FE7FA7000D159D /* Base */,
			);
			name = LaunchScreen.storyboard;
			sourceTree = "<group>";
		};
/* End PBXVariantGroup section */

/* Begin XCBuildConfiguration section */
		292DA05529FE7FA7000D159D /* Debug */ = {
			isa = XCBuildConfiguration;
			buildSettings = {
				ALWAYS_SEARCH_USER_PATHS = NO;
				CLANG_ANALYZER_NONNULL = YES;
				CLANG_ANALYZER_NUMBER_OBJECT_CONVERSION = YES_AGGRESSIVE;
				CLANG_CXX_LANGUAGE_STANDARD = "gnu++20";
				CLANG_ENABLE_MODULES = YES;
				CLANG_ENABLE_OBJC_ARC = YES;
				CLANG_ENABLE_OBJC_WEAK = YES;
				CLANG_WARN_BLOCK_CAPTURE_AUTORELEASING = YES;
				CLANG_WARN_BOOL_CONVERSION = YES;
				CLANG_WARN_COMMA = YES;
				CLANG_WARN_CONSTANT_CONVERSION = YES;
				CLANG_WARN_DEPRECATED_OBJC_IMPLEMENTATIONS = YES;
				CLANG_WARN_DIRECT_OBJC_ISA_USAGE = YES_ERROR;
				CLANG_WARN_DOCUMENTATION_COMMENTS = YES;
				CLANG_WARN_EMPTY_BODY = YES;
				CLANG_WARN_ENUM_CONVERSION = YES;
				CLANG_WARN_INFINITE_RECURSION = YES;
				CLANG_WARN_INT_CONVERSION = YES;
				CLANG_WARN_NON_LITERAL_NULL_CONVERSION = YES;
				CLANG_WARN_OBJC_IMPLICIT_RETAIN_SELF = YES;
				CLANG_WARN_OBJC_LITERAL_CONVERSION = YES;
				CLANG_WARN_OBJC_ROOT_CLASS = YES_ERROR;
				CLANG_WARN_QUOTED_INCLUDE_IN_FRAMEWORK_HEADER = YES;
				CLANG_WARN_RANGE_LOOP_ANALYSIS = YES;
				CLANG_WARN_STRICT_PROTOTYPES = YES;
				CLANG_WARN_SUSPICIOUS_MOVE = YES;
				CLANG_WARN_UNGUARDED_AVAILABILITY = YES_AGGRESSIVE;
				CLANG_WARN_UNREACHABLE_CODE = YES;
				CLANG_WARN__DUPLICATE_METHOD_MATCH = YES;
				COPY_PHASE_STRIP = NO;
				DEBUG_INFORMATION_FORMAT = dwarf;
				ENABLE_STRICT_OBJC_MSGSEND = YES;
				ENABLE_TESTABILITY = YES;
				GCC_C_LANGUAGE_STANDARD = gnu11;
				GCC_DYNAMIC_NO_PIC = NO;
				GCC_NO_COMMON_BLOCKS = YES;
				GCC_OPTIMIZATION_LEVEL = 0;
				GCC_PREPROCESSOR_DEFINITIONS = (
					"DEBUG=1",
					"$(inherited)",
				);
				GCC_WARN_64_TO_32_BIT_CONVERSION = YES;
				GCC_WARN_ABOUT_RETURN_TYPE = YES_ERROR;
				GCC_WARN_UNDECLARED_SELECTOR = YES;
				GCC_WARN_UNINITIALIZED_AUTOS = YES_AGGRESSIVE;
				GCC_WARN_UNUSED_FUNCTION = YES;
				GCC_WARN_UNUSED_VARIABLE = YES;
				IPHONEOS_DEPLOYMENT_TARGET = 13.4;
				MTL_ENABLE_DEBUG_INFO = INCLUDE_SOURCE;
				MTL_FAST_MATH = YES;
				ONLY_ACTIVE_ARCH = YES;
				SDKROOT = iphoneos;
				SWIFT_ACTIVE_COMPILATION_CONDITIONS = DEBUG;
				SWIFT_OPTIMIZATION_LEVEL = "-Onone";
			};
			name = Debug;
		};
		292DA05629FE7FA7000D159D /* Release */ = {
			isa = XCBuildConfiguration;
			buildSettings = {
				ALWAYS_SEARCH_USER_PATHS = NO;
				CLANG_ANALYZER_NONNULL = YES;
				CLANG_ANALYZER_NUMBER_OBJECT_CONVERSION = YES_AGGRESSIVE;
				CLANG_CXX_LANGUAGE_STANDARD = "gnu++20";
				CLANG_ENABLE_MODULES = YES;
				CLANG_ENABLE_OBJC_ARC = YES;
				CLANG_ENABLE_OBJC_WEAK = YES;
				CLANG_WARN_BLOCK_CAPTURE_AUTORELEASING = YES;
				CLANG_WARN_BOOL_CONVERSION = YES;
				CLANG_WARN_COMMA = YES;
				CLANG_WARN_CONSTANT_CONVERSION = YES;
				CLANG_WARN_DEPRECATED_OBJC_IMPLEMENTATIONS = YES;
				CLANG_WARN_DIRECT_OBJC_ISA_USAGE = YES_ERROR;
				CLANG_WARN_DOCUMENTATION_COMMENTS = YES;
				CLANG_WARN_EMPTY_BODY = YES;
				CLANG_WARN_ENUM_CONVERSION = YES;
				CLANG_WARN_INFINITE_RECURSION = YES;
				CLANG_WARN_INT_CONVERSION = YES;
				CLANG_WARN_NON_LITERAL_NULL_CONVERSION = YES;
				CLANG_WARN_OBJC_IMPLICIT_RETAIN_SELF = YES;
				CLANG_WARN_OBJC_LITERAL_CONVERSION = YES;
				CLANG_WARN_OBJC_ROOT_CLASS = YES_ERROR;
				CLANG_WARN_QUOTED_INCLUDE_IN_FRAMEWORK_HEADER = YES;
				CLANG_WARN_RANGE_LOOP_ANALYSIS = YES;
				CLANG_WARN_STRICT_PROTOTYPES = YES;
				CLANG_WARN_SUSPICIOUS_MOVE = YES;
				CLANG_WARN_UNGUARDED_AVAILABILITY = YES_AGGRESSIVE;
				CLANG_WARN_UNREACHABLE_CODE = YES;
				CLANG_WARN__DUPLICATE_METHOD_MATCH = YES;
				COPY_PHASE_STRIP = NO;
				DEBUG_INFORMATION_FORMAT = "dwarf-with-dsym";
				ENABLE_NS_ASSERTIONS = NO;
				ENABLE_STRICT_OBJC_MSGSEND = YES;
				GCC_C_LANGUAGE_STANDARD = gnu11;
				GCC_NO_COMMON_BLOCKS = YES;
				GCC_WARN_64_TO_32_BIT_CONVERSION = YES;
				GCC_WARN_ABOUT_RETURN_TYPE = YES_ERROR;
				GCC_WARN_UNDECLARED_SELECTOR = YES;
				GCC_WARN_UNINITIALIZED_AUTOS = YES_AGGRESSIVE;
				GCC_WARN_UNUSED_FUNCTION = YES;
				GCC_WARN_UNUSED_VARIABLE = YES;
				IPHONEOS_DEPLOYMENT_TARGET = 13.4;
				MTL_ENABLE_DEBUG_INFO = NO;
				MTL_FAST_MATH = YES;
				SDKROOT = iphoneos;
				SWIFT_COMPILATION_MODE = wholemodule;
				SWIFT_OPTIMIZATION_LEVEL = "-O";
				VALIDATE_PRODUCT = YES;
			};
			name = Release;
		};
		292DA05829FE7FA7000D159D /* Debug */ = {
			isa = XCBuildConfiguration;
			buildSettings = {
				ASSETCATALOG_COMPILER_APPICON_NAME = AppIcon;
				ASSETCATALOG_COMPILER_GLOBAL_ACCENT_COLOR_NAME = AccentColor;
				CODE_SIGN_STYLE = Automatic;
				CURRENT_PROJECT_VERSION = 1;
				DEVELOPMENT_TEAM = Z4YQTRHHY3;
				GENERATE_INFOPLIST_FILE = YES;
				INFOPLIST_FILE = Tracker/Info.plist;
				INFOPLIST_KEY_UIApplicationSupportsIndirectInputEvents = YES;
				INFOPLIST_KEY_UILaunchStoryboardName = LaunchScreen;
				INFOPLIST_KEY_UISupportedInterfaceOrientations = UIInterfaceOrientationPortrait;
				IPHONEOS_DEPLOYMENT_TARGET = 13.4;
				LD_RUNPATH_SEARCH_PATHS = (
					"$(inherited)",
					"@executable_path/Frameworks",
				);
				MARKETING_VERSION = 1.0;
				PRODUCT_BUNDLE_IDENTIFIER = "com.krll-guk.Tracker";
				PRODUCT_NAME = "$(TARGET_NAME)";
				SUPPORTED_PLATFORMS = "iphoneos iphonesimulator";
				SUPPORTS_MACCATALYST = NO;
				SUPPORTS_MAC_DESIGNED_FOR_IPHONE_IPAD = NO;
				SWIFT_EMIT_LOC_STRINGS = YES;
				SWIFT_VERSION = 5.0;
				TARGETED_DEVICE_FAMILY = 1;
			};
			name = Debug;
		};
		292DA05929FE7FA7000D159D /* Release */ = {
			isa = XCBuildConfiguration;
			buildSettings = {
				ASSETCATALOG_COMPILER_APPICON_NAME = AppIcon;
				ASSETCATALOG_COMPILER_GLOBAL_ACCENT_COLOR_NAME = AccentColor;
				CODE_SIGN_STYLE = Automatic;
				CURRENT_PROJECT_VERSION = 1;
				DEVELOPMENT_TEAM = Z4YQTRHHY3;
				GENERATE_INFOPLIST_FILE = YES;
				INFOPLIST_FILE = Tracker/Info.plist;
				INFOPLIST_KEY_UIApplicationSupportsIndirectInputEvents = YES;
				INFOPLIST_KEY_UILaunchStoryboardName = LaunchScreen;
				INFOPLIST_KEY_UISupportedInterfaceOrientations = UIInterfaceOrientationPortrait;
				IPHONEOS_DEPLOYMENT_TARGET = 13.4;
				LD_RUNPATH_SEARCH_PATHS = (
					"$(inherited)",
					"@executable_path/Frameworks",
				);
				MARKETING_VERSION = 1.0;
				PRODUCT_BUNDLE_IDENTIFIER = "com.krll-guk.Tracker";
				PRODUCT_NAME = "$(TARGET_NAME)";
				SUPPORTED_PLATFORMS = "iphoneos iphonesimulator";
				SUPPORTS_MACCATALYST = NO;
				SUPPORTS_MAC_DESIGNED_FOR_IPHONE_IPAD = NO;
				SWIFT_EMIT_LOC_STRINGS = YES;
				SWIFT_VERSION = 5.0;
				TARGETED_DEVICE_FAMILY = 1;
			};
			name = Release;
		};
/* End XCBuildConfiguration section */

/* Begin XCConfigurationList section */
		292DA03E29FE7FA4000D159D /* Build configuration list for PBXProject "Tracker" */ = {
			isa = XCConfigurationList;
			buildConfigurations = (
				292DA05529FE7FA7000D159D /* Debug */,
				292DA05629FE7FA7000D159D /* Release */,
			);
			defaultConfigurationIsVisible = 0;
			defaultConfigurationName = Release;
		};
		292DA05729FE7FA7000D159D /* Build configuration list for PBXNativeTarget "Tracker" */ = {
			isa = XCConfigurationList;
			buildConfigurations = (
				292DA05829FE7FA7000D159D /* Debug */,
				292DA05929FE7FA7000D159D /* Release */,
			);
			defaultConfigurationIsVisible = 0;
			defaultConfigurationName = Release;
		};
/* End XCConfigurationList section */

/* Begin XCVersionGroup section */
		2953DE132A39C8D70033EA2D /* Tracker.xcdatamodeld */ = {
			isa = XCVersionGroup;
			children = (
				2953DE142A39C8D70033EA2D /* Tracker.xcdatamodel */,
			);
			currentVersion = 2953DE142A39C8D70033EA2D /* Tracker.xcdatamodel */;
			path = Tracker.xcdatamodeld;
			sourceTree = "<group>";
			versionGroupType = wrapper.xcdatamodel;
		};
/* End XCVersionGroup section */
	};
	rootObject = 292DA03B29FE7FA4000D159D /* Project object */;
}
